
Microsoft Visual Studio Solution File, Format Version 12.00
# Visual Studio Version 16
VisualStudioVersion = 16.0.28803.352
MinimumVisualStudioVersion = 10.0.40219.1
Project("{9A19103F-16F7-4668-BE54-9A1E7A4F7556}") = "dotnetWeb", "dotnetWeb\dotnetWeb.csproj", "{F0A58A82-226E-4EEF-9420-87F57508DAC5}"
EndProject
Project("{9A19103F-16F7-4668-BE54-9A1E7A4F7556}") = "dotnetWeb.FunctionalTests", "dotnetWeb.FunctionalTests\dotnetWeb.FunctionalTests.csproj", "{EC8B084E-9932-4DA2-A37D-C8A85409E882}"
EndProject
Project("{9A19103F-16F7-4668-BE54-9A1E7A4F7556}") = "dotnetWeb.UnitTests", "dotnetWeb.UnitTests\dotnetWeb.UnitTests.csproj", "{1ADE71F1-DFA8-41BA-88E9-13CAD894FF40}"
EndProject
Global
	GlobalSection(SolutionConfigurationPlatforms) = preSolution
		Debug|Any CPU = Debug|Any CPU
		Release|Any CPU = Release|Any CPU
	EndGlobalSection
	GlobalSection(ProjectConfigurationPlatforms) = postSolution
		{F0A58A82-226E-4EEF-9420-87F57508DAC5}.Debug|Any CPU.ActiveCfg = Debug|Any CPU
		{F0A58A82-226E-4EEF-9420-87F57508DAC5}.Debug|Any CPU.Build.0 = Debug|Any CPU
		{F0A58A82-226E-4EEF-9420-87F57508DAC5}.Release|Any CPU.ActiveCfg = Release|Any CPU
		{F0A58A82-226E-4EEF-9420-87F57508DAC5}.Release|Any CPU.Build.0 = Release|Any CPU
		{EC8B084E-9932-4DA2-A37D-C8A85409E882}.Debug|Any CPU.ActiveCfg = Debug|Any CPU
		{EC8B084E-9932-4DA2-A37D-C8A85409E882}.Debug|Any CPU.Build.0 = Debug|Any CPU
		{EC8B084E-9932-4DA2-A37D-C8A85409E882}.Release|Any CPU.ActiveCfg = Release|Any CPU
		{EC8B084E-9932-4DA2-A37D-C8A85409E882}.Release|Any CPU.Build.0 = Release|Any CPU
		{1ADE71F1-DFA8-41BA-88E9-13CAD894FF40}.Debug|Any CPU.ActiveCfg = Debug|Any CPU
		{1ADE71F1-DFA8-41BA-88E9-13CAD894FF40}.Debug|Any CPU.Build.0 = Debug|Any CPU
		{1ADE71F1-DFA8-41BA-88E9-13CAD894FF40}.Release|Any CPU.ActiveCfg = Release|Any CPU
		{1ADE71F1-DFA8-41BA-88E9-13CAD894FF40}.Release|Any CPU.Build.0 = Release|Any CPU
	EndGlobalSection
	GlobalSection(SolutionProperties) = preSolution
		HideSolutionNode = FALSE
	EndGlobalSection
	GlobalSection(ExtensibilityGlobals) = postSolution
		SolutionGuid = {11A23A0A-206A-4827-BBE8-CE44979FDDCE}
	EndGlobalSection
EndGlobal
